
Microsoft Visual Studio Solution File, Format Version 12.00
# Visual Studio 2012
Project("{FAE04EC0-301F-11D3-BF4B-00C04F79EFBC}") = "Q00", "Q00\Q00.csproj", "{F74BDC15-D1B3-40C5-8026-17ADE8AAE4AD}"
EndProject
Project("{FAE04EC0-301F-11D3-BF4B-00C04F79EFBC}") = "Q01", "Q01\Q01.csproj", "{97621414-97DF-4741-A2DA-400B967446C9}"
EndProject
Project("{FAE04EC0-301F-11D3-BF4B-00C04F79EFBC}") = "Q02", "Q02\Q02.csproj", "{895490A6-9FF5-41DC-8FA6-2A69B668498A}"
EndProject
Project("{FAE04EC0-301F-11D3-BF4B-00C04F79EFBC}") = "Q03", "Q03\Q03.csproj", "{5CCCD9F9-2281-4DA6-A47C-C223F4B8E94C}"
EndProject
Project("{FAE04EC0-301F-11D3-BF4B-00C04F79EFBC}") = "Q04", "Q04\Q04.csproj", "{26567E7E-3F45-412F-A6EB-ACE09F410348}"
EndProject
Project("{FAE04EC0-301F-11D3-BF4B-00C04F79EFBC}") = "Q05", "Q05\Q05.csproj", "{3321ABD6-BE53-4126-85D7-03B8613C575D}"
EndProject
Project("{FAE04EC0-301F-11D3-BF4B-00C04F79EFBC}") = "Q06", "Q06\Q06.csproj", "{EBD6E1B1-B5AF-4F52-A349-49EE439FC646}"
EndProject
Project("{FAE04EC0-301F-11D3-BF4B-00C04F79EFBC}") = "Q07", "Q07\Q07.csproj", "{2D4EBFC2-14AF-44E9-B5E0-EEC3ED7E2AC1}"
EndProject
Project("{FAE04EC0-301F-11D3-BF4B-00C04F79EFBC}") = "Q08", "Q08\Q08.csproj", "{56E53FD1-22C5-4050-936D-FF5DB09F0DD6}"
EndProject
Project("{FAE04EC0-301F-11D3-BF4B-00C04F79EFBC}") = "Q09", "Q09\Q09.csproj", "{C16BAAA5-B2EA-4892-BBEC-489759F88658}"
EndProject
Global
	GlobalSection(SolutionConfigurationPlatforms) = preSolution
		Debug|Any CPU = Debug|Any CPU
		Release|Any CPU = Release|Any CPU
	EndGlobalSection
	GlobalSection(ProjectConfigurationPlatforms) = postSolution
		{F74BDC15-D1B3-40C5-8026-17ADE8AAE4AD}.Debug|Any CPU.ActiveCfg = Debug|Any CPU
		{F74BDC15-D1B3-40C5-8026-17ADE8AAE4AD}.Debug|Any CPU.Build.0 = Debug|Any CPU
		{F74BDC15-D1B3-40C5-8026-17ADE8AAE4AD}.Release|Any CPU.ActiveCfg = Release|Any CPU
		{F74BDC15-D1B3-40C5-8026-17ADE8AAE4AD}.Release|Any CPU.Build.0 = Release|Any CPU
		{97621414-97DF-4741-A2DA-400B967446C9}.Debug|Any CPU.ActiveCfg = Debug|Any CPU
		{97621414-97DF-4741-A2DA-400B967446C9}.Debug|Any CPU.Build.0 = Debug|Any CPU
		{97621414-97DF-4741-A2DA-400B967446C9}.Release|Any CPU.ActiveCfg = Release|Any CPU
		{97621414-97DF-4741-A2DA-400B967446C9}.Release|Any CPU.Build.0 = Release|Any CPU
		{895490A6-9FF5-41DC-8FA6-2A69B668498A}.Debug|Any CPU.ActiveCfg = Debug|Any CPU
		{895490A6-9FF5-41DC-8FA6-2A69B668498A}.Debug|Any CPU.Build.0 = Debug|Any CPU
		{895490A6-9FF5-41DC-8FA6-2A69B668498A}.Release|Any CPU.ActiveCfg = Release|Any CPU
		{895490A6-9FF5-41DC-8FA6-2A69B668498A}.Release|Any CPU.Build.0 = Release|Any CPU
		{5CCCD9F9-2281-4DA6-A47C-C223F4B8E94C}.Debug|Any CPU.ActiveCfg = Debug|Any CPU
		{5CCCD9F9-2281-4DA6-A47C-C223F4B8E94C}.Debug|Any CPU.Build.0 = Debug|Any CPU
		{5CCCD9F9-2281-4DA6-A47C-C223F4B8E94C}.Release|Any CPU.ActiveCfg = Release|Any CPU
		{5CCCD9F9-2281-4DA6-A47C-C223F4B8E94C}.Release|Any CPU.Build.0 = Release|Any CPU
		{26567E7E-3F45-412F-A6EB-ACE09F410348}.Debug|Any CPU.ActiveCfg = Debug|Any CPU
		{26567E7E-3F45-412F-A6EB-ACE09F410348}.Debug|Any CPU.Build.0 = Debug|Any CPU
		{26567E7E-3F45-412F-A6EB-ACE09F410348}.Release|Any CPU.ActiveCfg = Release|Any CPU
		{26567E7E-3F45-412F-A6EB-ACE09F410348}.Release|Any CPU.Build.0 = Release|Any CPU
		{3321ABD6-BE53-4126-85D7-03B8613C575D}.Debug|Any CPU.ActiveCfg = Debug|Any CPU
		{3321ABD6-BE53-4126-85D7-03B8613C575D}.Debug|Any CPU.Build.0 = Debug|Any CPU
		{3321ABD6-BE53-4126-85D7-03B8613C575D}.Release|Any CPU.ActiveCfg = Release|Any CPU
		{3321ABD6-BE53-4126-85D7-03B8613C575D}.Release|Any CPU.Build.0 = Release|Any CPU
		{EBD6E1B1-B5AF-4F52-A349-49EE439FC646}.Debug|Any CPU.ActiveCfg = Debug|Any CPU
		{EBD6E1B1-B5AF-4F52-A349-49EE439FC646}.Debug|Any CPU.Build.0 = Debug|Any CPU
		{EBD6E1B1-B5AF-4F52-A349-49EE439FC646}.Release|Any CPU.ActiveCfg = Release|Any CPU
		{EBD6E1B1-B5AF-4F52-A349-49EE439FC646}.Release|Any CPU.Build.0 = Release|Any CPU
		{2D4EBFC2-14AF-44E9-B5E0-EEC3ED7E2AC1}.Debug|Any CPU.ActiveCfg = Debug|Any CPU
		{2D4EBFC2-14AF-44E9-B5E0-EEC3ED7E2AC1}.Debug|Any CPU.Build.0 = Debug|Any CPU
		{2D4EBFC2-14AF-44E9-B5E0-EEC3ED7E2AC1}.Release|Any CPU.ActiveCfg = Release|Any CPU
		{2D4EBFC2-14AF-44E9-B5E0-EEC3ED7E2AC1}.Release|Any CPU.Build.0 = Release|Any CPU
		{56E53FD1-22C5-4050-936D-FF5DB09F0DD6}.Debug|Any CPU.ActiveCfg = Debug|Any CPU
		{56E53FD1-22C5-4050-936D-FF5DB09F0DD6}.Debug|Any CPU.Build.0 = Debug|Any CPU
		{56E53FD1-22C5-4050-936D-FF5DB09F0DD6}.Release|Any CPU.ActiveCfg = Release|Any CPU
		{56E53FD1-22C5-4050-936D-FF5DB09F0DD6}.Release|Any CPU.Build.0 = Release|Any CPU
		{C16BAAA5-B2EA-4892-BBEC-489759F88658}.Debug|Any CPU.ActiveCfg = Debug|Any CPU
		{C16BAAA5-B2EA-4892-BBEC-489759F88658}.Debug|Any CPU.Build.0 = Debug|Any CPU
		{C16BAAA5-B2EA-4892-BBEC-489759F88658}.Release|Any CPU.ActiveCfg = Release|Any CPU
		{C16BAAA5-B2EA-4892-BBEC-489759F88658}.Release|Any CPU.Build.0 = Release|Any CPU
	EndGlobalSection
EndGlobal
