Microsoft Visual Studio Solution File, Format Version 12.00
# Visual Studio 15
VisualStudioVersion = 15.0.27703.2026
MinimumVisualStudioVersion = 10.0.40219.1
Project("{FAE04EC0-301F-11D3-BF4B-00C04F79EFBC}") = "Chapter03.Tests", "Chapter03.Tests\Chapter03.Tests.csproj", "{49E04F5D-D2D9-4E28-BA57-3452A17510A9}"
EndProject
Project("{FAE04EC0-301F-11D3-BF4B-00C04F79EFBC}") = "Chapter03.Core", "Chapter03.Core\Chapter03.Core.csproj", "{2C7FE841-13CD-421E-B428-1D153C118000}"
EndProject
Project("{FAE04EC0-301F-11D3-BF4B-00C04F79EFBC}") = "Chapter04.Core", "Chapter04.Core\Chapter04.Core.csproj", "{D58DDDA3-5B85-4142-A7D7-57A2914B3FFF}"
EndProject
Project("{FAE04EC0-301F-11D3-BF4B-00C04F79EFBC}") = "Chapter04.Tests", "Chapter04.Tests\Chapter04.Tests.csproj", "{9A340E1D-3B02-47E9-AB47-2A057FA34F01}"
EndProject
Project("{FAE04EC0-301F-11D3-BF4B-00C04F79EFBC}") = "Chapter05.Core", "Chapter05.Core\Chapter05.Core.csproj", "{EAD3DCC2-438F-4E72-BF95-FD2282A4332B}"
EndProject
Project("{FAE04EC0-301F-11D3-BF4B-00C04F79EFBC}") = "Chapter05.Tests", "Chapter05.Tests\Chapter05.Tests.csproj", "{0E1461AD-3030-4F31-A84C-EF0BBD18E727}"
EndProject
Project("{FAE04EC0-301F-11D3-BF4B-00C04F79EFBC}") = "Chapter05.Q44", "Chapter05.Q44\Chapter05.Q44.csproj", "{7D50852D-FE61-49C4-9FDA-136E6A0AEE69}"
EndProject
Project("{FAE04EC0-301F-11D3-BF4B-00C04F79EFBC}") = "Chapter06.Core", "Chapter06.Core\Chapter06.Core.csproj", "{198D1D87-CCD2-4C69-8B85-1B643C0B6575}"
EndProject
Project("{FAE04EC0-301F-11D3-BF4B-00C04F79EFBC}") = "Chapter06.Tests", "Chapter06.Tests\Chapter06.Tests.csproj", "{58A59BEF-A01C-4311-8F0B-F0C5E400B699}"
EndProject
Project("{FAE04EC0-301F-11D3-BF4B-00C04F79EFBC}") = "Chapter06.Q57", "Chapter06.Q57\Chapter06.Q57.csproj", "{DC44BDA5-383B-4D5E-AB26-B6F94D7741BE}"
EndProject
Project("{FAE04EC0-301F-11D3-BF4B-00C04F79EFBC}") = "Chapter07.Core", "Chapter07.Core\Chapter07.Core.csproj", "{B61EEBD6-7109-4454-8D29-DB550B2C2850}"
EndProject
Project("{FAE04EC0-301F-11D3-BF4B-00C04F79EFBC}") = "Chapter07.Tests", "Chapter07.Tests\Chapter07.Tests.csproj", "{05EF5E12-774B-49E3-886C-01D370D6A657}"
EndProject
Project("{FAE04EC0-301F-11D3-BF4B-00C04F79EFBC}") = "Chapter07.Migrator", "Chapter07.Migrator\Chapter07.Migrator.csproj", "{4BE9BBDE-36B2-4743-98D7-196F0CE9160B}"
EndProject
Project("{9A19103F-16F7-4668-BE54-9A1E7A4F7556}") = "Chapter06.Q57.WebApplication", "Chapter06.Q57.WebApplication\Chapter06.Q57.WebApplication.csproj", "{CDDE0260-8EF5-4C1F-A228-8A087DBD8475}"
EndProject
Project("{FAE04EC0-301F-11D3-BF4B-00C04F79EFBC}") = "Chapter01.Core", "Chapter01.Core\Chapter01.Core.csproj", "{6FFA9D5C-B51C-440E-8780-B02ACCA71778}"
EndProject
Project("{FAE04EC0-301F-11D3-BF4B-00C04F79EFBC}") = "Chapter01.Tests", "Chapter01.Tests\Chapter01.Tests.csproj", "{297F6F57-E0CF-4CB9-BE7A-4295BEEB8659}"
EndProject
Project("{9A19103F-16F7-4668-BE54-9A1E7A4F7556}") = "Chapter07.Q69.WebApplication", "Chapter07.Q69.WebApplication\Chapter07.Q69.WebApplication.csproj", "{9E2EF770-664C-4886-B5C6-96C843DE4F78}"
EndProject
Project("{FAE04EC0-301F-11D3-BF4B-00C04F79EFBC}") = "Chapter08.Core", "Chapter08.Core\Chapter08.Core.csproj", "{59E15CA0-1A47-48BB-BB8A-DF7A3F2B35C7}"
EndProject
Project("{FAE04EC0-301F-11D3-BF4B-00C04F79EFBC}") = "Chapter08.Tests", "Chapter08.Tests\Chapter08.Tests.csproj", "{B1F4B73E-51FF-45F7-BF06-D04090ECA9C3}"
EndProject
Global
	GlobalSection(SolutionConfigurationPlatforms) = preSolution
		Debug|Any CPU = Debug|Any CPU
		Debug|x86 = Debug|x86
		Release|Any CPU = Release|Any CPU
		Release|x86 = Release|x86
	EndGlobalSection
	GlobalSection(ProjectConfigurationPlatforms) = postSolution
		{49E04F5D-D2D9-4E28-BA57-3452A17510A9}.Debug|Any CPU.ActiveCfg = Debug|Any CPU
		{49E04F5D-D2D9-4E28-BA57-3452A17510A9}.Debug|Any CPU.Build.0 = Debug|Any CPU
		{49E04F5D-D2D9-4E28-BA57-3452A17510A9}.Debug|x86.ActiveCfg = Debug|Any CPU
		{49E04F5D-D2D9-4E28-BA57-3452A17510A9}.Debug|x86.Build.0 = Debug|Any CPU
		{49E04F5D-D2D9-4E28-BA57-3452A17510A9}.Release|Any CPU.ActiveCfg = Release|Any CPU
		{49E04F5D-D2D9-4E28-BA57-3452A17510A9}.Release|Any CPU.Build.0 = Release|Any CPU
		{49E04F5D-D2D9-4E28-BA57-3452A17510A9}.Release|x86.ActiveCfg = Release|Any CPU
		{49E04F5D-D2D9-4E28-BA57-3452A17510A9}.Release|x86.Build.0 = Release|Any CPU
		{2C7FE841-13CD-421E-B428-1D153C118000}.Debug|Any CPU.ActiveCfg = Debug|Any CPU
		{2C7FE841-13CD-421E-B428-1D153C118000}.Debug|Any CPU.Build.0 = Debug|Any CPU
		{2C7FE841-13CD-421E-B428-1D153C118000}.Debug|x86.ActiveCfg = Debug|Any CPU
		{2C7FE841-13CD-421E-B428-1D153C118000}.Debug|x86.Build.0 = Debug|Any CPU
		{2C7FE841-13CD-421E-B428-1D153C118000}.Release|Any CPU.ActiveCfg = Release|Any CPU
		{2C7FE841-13CD-421E-B428-1D153C118000}.Release|Any CPU.Build.0 = Release|Any CPU
		{2C7FE841-13CD-421E-B428-1D153C118000}.Release|x86.ActiveCfg = Release|Any CPU
		{2C7FE841-13CD-421E-B428-1D153C118000}.Release|x86.Build.0 = Release|Any CPU
		{D58DDDA3-5B85-4142-A7D7-57A2914B3FFF}.Debug|Any CPU.ActiveCfg = Debug|Any CPU
		{D58DDDA3-5B85-4142-A7D7-57A2914B3FFF}.Debug|Any CPU.Build.0 = Debug|Any CPU
		{D58DDDA3-5B85-4142-A7D7-57A2914B3FFF}.Debug|x86.ActiveCfg = Debug|Any CPU
		{D58DDDA3-5B85-4142-A7D7-57A2914B3FFF}.Debug|x86.Build.0 = Debug|Any CPU
		{D58DDDA3-5B85-4142-A7D7-57A2914B3FFF}.Release|Any CPU.ActiveCfg = Release|Any CPU
		{D58DDDA3-5B85-4142-A7D7-57A2914B3FFF}.Release|Any CPU.Build.0 = Release|Any CPU
		{D58DDDA3-5B85-4142-A7D7-57A2914B3FFF}.Release|x86.ActiveCfg = Release|Any CPU
		{D58DDDA3-5B85-4142-A7D7-57A2914B3FFF}.Release|x86.Build.0 = Release|Any CPU
		{9A340E1D-3B02-47E9-AB47-2A057FA34F01}.Debug|Any CPU.ActiveCfg = Debug|Any CPU
		{9A340E1D-3B02-47E9-AB47-2A057FA34F01}.Debug|Any CPU.Build.0 = Debug|Any CPU
		{9A340E1D-3B02-47E9-AB47-2A057FA34F01}.Debug|x86.ActiveCfg = Debug|Any CPU
		{9A340E1D-3B02-47E9-AB47-2A057FA34F01}.Debug|x86.Build.0 = Debug|Any CPU
		{9A340E1D-3B02-47E9-AB47-2A057FA34F01}.Release|Any CPU.ActiveCfg = Release|Any CPU
		{9A340E1D-3B02-47E9-AB47-2A057FA34F01}.Release|Any CPU.Build.0 = Release|Any CPU
		{9A340E1D-3B02-47E9-AB47-2A057FA34F01}.Release|x86.ActiveCfg = Release|Any CPU
		{9A340E1D-3B02-47E9-AB47-2A057FA34F01}.Release|x86.Build.0 = Release|Any CPU
		{EAD3DCC2-438F-4E72-BF95-FD2282A4332B}.Debug|Any CPU.ActiveCfg = Debug|Any CPU
		{EAD3DCC2-438F-4E72-BF95-FD2282A4332B}.Debug|Any CPU.Build.0 = Debug|Any CPU
		{EAD3DCC2-438F-4E72-BF95-FD2282A4332B}.Debug|x86.ActiveCfg = Debug|Any CPU
		{EAD3DCC2-438F-4E72-BF95-FD2282A4332B}.Debug|x86.Build.0 = Debug|Any CPU
		{EAD3DCC2-438F-4E72-BF95-FD2282A4332B}.Release|Any CPU.ActiveCfg = Release|Any CPU
		{EAD3DCC2-438F-4E72-BF95-FD2282A4332B}.Release|Any CPU.Build.0 = Release|Any CPU
		{EAD3DCC2-438F-4E72-BF95-FD2282A4332B}.Release|x86.ActiveCfg = Release|Any CPU
		{EAD3DCC2-438F-4E72-BF95-FD2282A4332B}.Release|x86.Build.0 = Release|Any CPU
		{0E1461AD-3030-4F31-A84C-EF0BBD18E727}.Debug|Any CPU.ActiveCfg = Debug|Any CPU
		{0E1461AD-3030-4F31-A84C-EF0BBD18E727}.Debug|Any CPU.Build.0 = Debug|Any CPU
		{0E1461AD-3030-4F31-A84C-EF0BBD18E727}.Debug|x86.ActiveCfg = Debug|Any CPU
		{0E1461AD-3030-4F31-A84C-EF0BBD18E727}.Debug|x86.Build.0 = Debug|Any CPU
		{0E1461AD-3030-4F31-A84C-EF0BBD18E727}.Release|Any CPU.ActiveCfg = Release|Any CPU
		{0E1461AD-3030-4F31-A84C-EF0BBD18E727}.Release|Any CPU.Build.0 = Release|Any CPU
		{0E1461AD-3030-4F31-A84C-EF0BBD18E727}.Release|x86.ActiveCfg = Release|Any CPU
		{0E1461AD-3030-4F31-A84C-EF0BBD18E727}.Release|x86.Build.0 = Release|Any CPU
		{7D50852D-FE61-49C4-9FDA-136E6A0AEE69}.Debug|Any CPU.ActiveCfg = Debug|Any CPU
		{7D50852D-FE61-49C4-9FDA-136E6A0AEE69}.Debug|Any CPU.Build.0 = Debug|Any CPU
		{7D50852D-FE61-49C4-9FDA-136E6A0AEE69}.Debug|x86.ActiveCfg = Debug|Any CPU
		{7D50852D-FE61-49C4-9FDA-136E6A0AEE69}.Debug|x86.Build.0 = Debug|Any CPU
		{7D50852D-FE61-49C4-9FDA-136E6A0AEE69}.Release|Any CPU.ActiveCfg = Release|Any CPU
		{7D50852D-FE61-49C4-9FDA-136E6A0AEE69}.Release|Any CPU.Build.0 = Release|Any CPU
		{7D50852D-FE61-49C4-9FDA-136E6A0AEE69}.Release|x86.ActiveCfg = Release|Any CPU
		{7D50852D-FE61-49C4-9FDA-136E6A0AEE69}.Release|x86.Build.0 = Release|Any CPU
		{198D1D87-CCD2-4C69-8B85-1B643C0B6575}.Debug|Any CPU.ActiveCfg = Debug|Any CPU
		{198D1D87-CCD2-4C69-8B85-1B643C0B6575}.Debug|Any CPU.Build.0 = Debug|Any CPU
		{198D1D87-CCD2-4C69-8B85-1B643C0B6575}.Debug|x86.ActiveCfg = Debug|Any CPU
		{198D1D87-CCD2-4C69-8B85-1B643C0B6575}.Debug|x86.Build.0 = Debug|Any CPU
		{198D1D87-CCD2-4C69-8B85-1B643C0B6575}.Release|Any CPU.ActiveCfg = Release|Any CPU
		{198D1D87-CCD2-4C69-8B85-1B643C0B6575}.Release|Any CPU.Build.0 = Release|Any CPU
		{198D1D87-CCD2-4C69-8B85-1B643C0B6575}.Release|x86.ActiveCfg = Release|Any CPU
		{198D1D87-CCD2-4C69-8B85-1B643C0B6575}.Release|x86.Build.0 = Release|Any CPU
		{58A59BEF-A01C-4311-8F0B-F0C5E400B699}.Debug|Any CPU.ActiveCfg = Debug|Any CPU
		{58A59BEF-A01C-4311-8F0B-F0C5E400B699}.Debug|Any CPU.Build.0 = Debug|Any CPU
		{58A59BEF-A01C-4311-8F0B-F0C5E400B699}.Debug|x86.ActiveCfg = Debug|Any CPU
		{58A59BEF-A01C-4311-8F0B-F0C5E400B699}.Debug|x86.Build.0 = Debug|Any CPU
		{58A59BEF-A01C-4311-8F0B-F0C5E400B699}.Release|Any CPU.ActiveCfg = Release|Any CPU
		{58A59BEF-A01C-4311-8F0B-F0C5E400B699}.Release|Any CPU.Build.0 = Release|Any CPU
		{58A59BEF-A01C-4311-8F0B-F0C5E400B699}.Release|x86.ActiveCfg = Release|Any CPU
		{58A59BEF-A01C-4311-8F0B-F0C5E400B699}.Release|x86.Build.0 = Release|Any CPU
		{DC44BDA5-383B-4D5E-AB26-B6F94D7741BE}.Debug|Any CPU.ActiveCfg = Debug|Any CPU
		{DC44BDA5-383B-4D5E-AB26-B6F94D7741BE}.Debug|Any CPU.Build.0 = Debug|Any CPU
		{DC44BDA5-383B-4D5E-AB26-B6F94D7741BE}.Debug|x86.ActiveCfg = Debug|Any CPU
		{DC44BDA5-383B-4D5E-AB26-B6F94D7741BE}.Debug|x86.Build.0 = Debug|Any CPU
		{DC44BDA5-383B-4D5E-AB26-B6F94D7741BE}.Release|Any CPU.ActiveCfg = Release|Any CPU
		{DC44BDA5-383B-4D5E-AB26-B6F94D7741BE}.Release|Any CPU.Build.0 = Release|Any CPU
		{DC44BDA5-383B-4D5E-AB26-B6F94D7741BE}.Release|x86.ActiveCfg = Release|Any CPU
		{DC44BDA5-383B-4D5E-AB26-B6F94D7741BE}.Release|x86.Build.0 = Release|Any CPU
		{B61EEBD6-7109-4454-8D29-DB550B2C2850}.Debug|Any CPU.ActiveCfg = Debug|Any CPU
		{B61EEBD6-7109-4454-8D29-DB550B2C2850}.Debug|Any CPU.Build.0 = Debug|Any CPU
		{B61EEBD6-7109-4454-8D29-DB550B2C2850}.Debug|x86.ActiveCfg = Debug|Any CPU
		{B61EEBD6-7109-4454-8D29-DB550B2C2850}.Debug|x86.Build.0 = Debug|Any CPU
		{B61EEBD6-7109-4454-8D29-DB550B2C2850}.Release|Any CPU.ActiveCfg = Release|Any CPU
		{B61EEBD6-7109-4454-8D29-DB550B2C2850}.Release|Any CPU.Build.0 = Release|Any CPU
		{B61EEBD6-7109-4454-8D29-DB550B2C2850}.Release|x86.ActiveCfg = Release|Any CPU
		{B61EEBD6-7109-4454-8D29-DB550B2C2850}.Release|x86.Build.0 = Release|Any CPU
		{05EF5E12-774B-49E3-886C-01D370D6A657}.Debug|Any CPU.ActiveCfg = Debug|Any CPU
		{05EF5E12-774B-49E3-886C-01D370D6A657}.Debug|Any CPU.Build.0 = Debug|Any CPU
		{05EF5E12-774B-49E3-886C-01D370D6A657}.Debug|x86.ActiveCfg = Debug|Any CPU
		{05EF5E12-774B-49E3-886C-01D370D6A657}.Debug|x86.Build.0 = Debug|Any CPU
		{05EF5E12-774B-49E3-886C-01D370D6A657}.Release|Any CPU.ActiveCfg = Release|Any CPU
		{05EF5E12-774B-49E3-886C-01D370D6A657}.Release|Any CPU.Build.0 = Release|Any CPU
		{05EF5E12-774B-49E3-886C-01D370D6A657}.Release|x86.ActiveCfg = Release|Any CPU
		{05EF5E12-774B-49E3-886C-01D370D6A657}.Release|x86.Build.0 = Release|Any CPU
		{4BE9BBDE-36B2-4743-98D7-196F0CE9160B}.Debug|Any CPU.ActiveCfg = Debug|Any CPU
		{4BE9BBDE-36B2-4743-98D7-196F0CE9160B}.Debug|Any CPU.Build.0 = Debug|Any CPU
		{4BE9BBDE-36B2-4743-98D7-196F0CE9160B}.Debug|x86.ActiveCfg = Debug|Any CPU
		{4BE9BBDE-36B2-4743-98D7-196F0CE9160B}.Debug|x86.Build.0 = Debug|Any CPU
		{4BE9BBDE-36B2-4743-98D7-196F0CE9160B}.Release|Any CPU.ActiveCfg = Release|Any CPU
		{4BE9BBDE-36B2-4743-98D7-196F0CE9160B}.Release|Any CPU.Build.0 = Release|Any CPU
		{4BE9BBDE-36B2-4743-98D7-196F0CE9160B}.Release|x86.ActiveCfg = Release|Any CPU
		{4BE9BBDE-36B2-4743-98D7-196F0CE9160B}.Release|x86.Build.0 = Release|Any CPU
		{CDDE0260-8EF5-4C1F-A228-8A087DBD8475}.Debug|Any CPU.ActiveCfg = Debug|Any CPU
		{CDDE0260-8EF5-4C1F-A228-8A087DBD8475}.Debug|Any CPU.Build.0 = Debug|Any CPU
		{CDDE0260-8EF5-4C1F-A228-8A087DBD8475}.Debug|x86.ActiveCfg = Debug|Any CPU
		{CDDE0260-8EF5-4C1F-A228-8A087DBD8475}.Debug|x86.Build.0 = Debug|Any CPU
		{CDDE0260-8EF5-4C1F-A228-8A087DBD8475}.Release|Any CPU.ActiveCfg = Release|Any CPU
		{CDDE0260-8EF5-4C1F-A228-8A087DBD8475}.Release|Any CPU.Build.0 = Release|Any CPU
		{CDDE0260-8EF5-4C1F-A228-8A087DBD8475}.Release|x86.ActiveCfg = Release|Any CPU
		{CDDE0260-8EF5-4C1F-A228-8A087DBD8475}.Release|x86.Build.0 = Release|Any CPU
		{6FFA9D5C-B51C-440E-8780-B02ACCA71778}.Debug|Any CPU.ActiveCfg = Debug|Any CPU
		{6FFA9D5C-B51C-440E-8780-B02ACCA71778}.Debug|Any CPU.Build.0 = Debug|Any CPU
		{6FFA9D5C-B51C-440E-8780-B02ACCA71778}.Debug|x86.ActiveCfg = Debug|Any CPU
		{6FFA9D5C-B51C-440E-8780-B02ACCA71778}.Debug|x86.Build.0 = Debug|Any CPU
		{6FFA9D5C-B51C-440E-8780-B02ACCA71778}.Release|Any CPU.ActiveCfg = Release|Any CPU
		{6FFA9D5C-B51C-440E-8780-B02ACCA71778}.Release|Any CPU.Build.0 = Release|Any CPU
		{6FFA9D5C-B51C-440E-8780-B02ACCA71778}.Release|x86.ActiveCfg = Release|Any CPU
		{6FFA9D5C-B51C-440E-8780-B02ACCA71778}.Release|x86.Build.0 = Release|Any CPU
		{297F6F57-E0CF-4CB9-BE7A-4295BEEB8659}.Debug|Any CPU.ActiveCfg = Debug|Any CPU
		{297F6F57-E0CF-4CB9-BE7A-4295BEEB8659}.Debug|Any CPU.Build.0 = Debug|Any CPU
		{297F6F57-E0CF-4CB9-BE7A-4295BEEB8659}.Debug|x86.ActiveCfg = Debug|Any CPU
		{297F6F57-E0CF-4CB9-BE7A-4295BEEB8659}.Debug|x86.Build.0 = Debug|Any CPU
		{297F6F57-E0CF-4CB9-BE7A-4295BEEB8659}.Release|Any CPU.ActiveCfg = Release|Any CPU
		{297F6F57-E0CF-4CB9-BE7A-4295BEEB8659}.Release|Any CPU.Build.0 = Release|Any CPU
		{297F6F57-E0CF-4CB9-BE7A-4295BEEB8659}.Release|x86.ActiveCfg = Release|Any CPU
		{297F6F57-E0CF-4CB9-BE7A-4295BEEB8659}.Release|x86.Build.0 = Release|Any CPU
		{9E2EF770-664C-4886-B5C6-96C843DE4F78}.Debug|Any CPU.ActiveCfg = Debug|Any CPU
		{9E2EF770-664C-4886-B5C6-96C843DE4F78}.Debug|Any CPU.Build.0 = Debug|Any CPU
		{9E2EF770-664C-4886-B5C6-96C843DE4F78}.Debug|x86.ActiveCfg = Debug|Any CPU
		{9E2EF770-664C-4886-B5C6-96C843DE4F78}.Debug|x86.Build.0 = Debug|Any CPU
		{9E2EF770-664C-4886-B5C6-96C843DE4F78}.Release|Any CPU.ActiveCfg = Release|Any CPU
		{9E2EF770-664C-4886-B5C6-96C843DE4F78}.Release|Any CPU.Build.0 = Release|Any CPU
		{9E2EF770-664C-4886-B5C6-96C843DE4F78}.Release|x86.ActiveCfg = Release|Any CPU
		{9E2EF770-664C-4886-B5C6-96C843DE4F78}.Release|x86.Build.0 = Release|Any CPU
		{59E15CA0-1A47-48BB-BB8A-DF7A3F2B35C7}.Debug|Any CPU.ActiveCfg = Debug|Any CPU
		{59E15CA0-1A47-48BB-BB8A-DF7A3F2B35C7}.Debug|Any CPU.Build.0 = Debug|Any CPU
		{59E15CA0-1A47-48BB-BB8A-DF7A3F2B35C7}.Debug|x86.ActiveCfg = Debug|Any CPU
		{59E15CA0-1A47-48BB-BB8A-DF7A3F2B35C7}.Debug|x86.Build.0 = Debug|Any CPU
		{59E15CA0-1A47-48BB-BB8A-DF7A3F2B35C7}.Release|Any CPU.ActiveCfg = Release|Any CPU
		{59E15CA0-1A47-48BB-BB8A-DF7A3F2B35C7}.Release|Any CPU.Build.0 = Release|Any CPU
		{59E15CA0-1A47-48BB-BB8A-DF7A3F2B35C7}.Release|x86.ActiveCfg = Release|Any CPU
		{59E15CA0-1A47-48BB-BB8A-DF7A3F2B35C7}.Release|x86.Build.0 = Release|Any CPU
		{B1F4B73E-51FF-45F7-BF06-D04090ECA9C3}.Debug|Any CPU.ActiveCfg = Debug|Any CPU
		{B1F4B73E-51FF-45F7-BF06-D04090ECA9C3}.Debug|Any CPU.Build.0 = Debug|Any CPU
		{B1F4B73E-51FF-45F7-BF06-D04090ECA9C3}.Debug|x86.ActiveCfg = Debug|Any CPU
		{B1F4B73E-51FF-45F7-BF06-D04090ECA9C3}.Debug|x86.Build.0 = Debug|Any CPU
		{B1F4B73E-51FF-45F7-BF06-D04090ECA9C3}.Release|Any CPU.ActiveCfg = Release|Any CPU
		{B1F4B73E-51FF-45F7-BF06-D04090ECA9C3}.Release|Any CPU.Build.0 = Release|Any CPU
		{B1F4B73E-51FF-45F7-BF06-D04090ECA9C3}.Release|x86.ActiveCfg = Release|Any CPU
		{B1F4B73E-51FF-45F7-BF06-D04090ECA9C3}.Release|x86.Build.0 = Release|Any CPU
	EndGlobalSection
	GlobalSection(SolutionProperties) = preSolution
		HideSolutionNode = FALSE
	EndGlobalSection
	GlobalSection(ExtensibilityGlobals) = postSolution
		SolutionGuid = {746FE22C-B680-4E4E-9F5E-23EB01F8D102}
	EndGlobalSection
EndGlobal
